
Microsoft Visual Studio Solution File, Format Version 12.00
# Visual Studio Version 16
VisualStudioVersion = 16.0.31702.278
MinimumVisualStudioVersion = 10.0.40219.1
Project("{FAE04EC0-301F-11D3-BF4B-00C04F79EFBC}") = "WebAppBook_DBFirst_2", "WebAppBook_DBFirst_2.csproj", "{1F6F57D1-32F9-4D5E-8ED8-160FCA1852F5}"
EndProject
Global
	GlobalSection(SolutionConfigurationPlatforms) = preSolution
		Debug|Any CPU = Debug|Any CPU
		Release|Any CPU = Release|Any CPU
	EndGlobalSection
	GlobalSection(ProjectConfigurationPlatforms) = postSolution
		{1F6F57D1-32F9-4D5E-8ED8-160FCA1852F5}.Debug|Any CPU.ActiveCfg = Debug|Any CPU
		{1F6F57D1-32F9-4D5E-8ED8-160FCA1852F5}.Debug|Any CPU.Build.0 = Debug|Any CPU
		{1F6F57D1-32F9-4D5E-8ED8-160FCA1852F5}.Release|Any CPU.ActiveCfg = Release|Any CPU
		{1F6F57D1-32F9-4D5E-8ED8-160FCA1852F5}.Release|Any CPU.Build.0 = Release|Any CPU
	EndGlobalSection
	GlobalSection(SolutionProperties) = preSolution
		HideSolutionNode = FALSE
	EndGlobalSection
	GlobalSection(ExtensibilityGlobals) = postSolution
		SolutionGuid = {26644802-E07F-47C9-8937-31E634C77A47}
	EndGlobalSection
EndGlobal
